// !$*UTF8*$!
{
	archiveVersion = 1;
	classes = {
	};
	objectVersion = 56;
	objects = {

/* Begin PBXBuildFile section */
		0F0A748D2C2AE0F3003F35C1 /* TextFieldWithLabel.swift in Sources */ = {isa = PBXBuildFile; fileRef = 0F0A748C2C2AE0F3003F35C1 /* TextFieldWithLabel.swift */; };
		0F0A748F2C2AE11D003F35C1 /* SecureTextFieldWithLabel.swift in Sources */ = {isa = PBXBuildFile; fileRef = 0F0A748E2C2AE11D003F35C1 /* SecureTextFieldWithLabel.swift */; };
		0F0A74912C2AE13F003F35C1 /* AppColors.swift in Sources */ = {isa = PBXBuildFile; fileRef = 0F0A74902C2AE13F003F35C1 /* AppColors.swift */; };
		0F0A74942C2AE219003F35C1 /* AuthViewModel.swift in Sources */ = {isa = PBXBuildFile; fileRef = 0F0A74932C2AE219003F35C1 /* AuthViewModel.swift */; };
		0F0A74962C2AE2C8003F35C1 /* LoginService.swift in Sources */ = {isa = PBXBuildFile; fileRef = 0F0A74952C2AE2C8003F35C1 /* LoginService.swift */; };
		0F0A74992C2AE4D0003F35C1 /* FirebaseAnalytics in Frameworks */ = {isa = PBXBuildFile; productRef = 0F0A74982C2AE4D0003F35C1 /* FirebaseAnalytics */; };
		0F0A749B2C2AE4D0003F35C1 /* FirebaseAnalyticsOnDeviceConversion in Frameworks */ = {isa = PBXBuildFile; productRef = 0F0A749A2C2AE4D0003F35C1 /* FirebaseAnalyticsOnDeviceConversion */; };
		0F0A749D2C2AE4D0003F35C1 /* FirebaseAnalyticsSwift in Frameworks */ = {isa = PBXBuildFile; productRef = 0F0A749C2C2AE4D0003F35C1 /* FirebaseAnalyticsSwift */; };
		0F0A749F2C2AE4D0003F35C1 /* FirebaseAnalyticsWithoutAdIdSupport in Frameworks */ = {isa = PBXBuildFile; productRef = 0F0A749E2C2AE4D0003F35C1 /* FirebaseAnalyticsWithoutAdIdSupport */; };
		0F0A74A12C2AE4D0003F35C1 /* FirebaseAppCheck in Frameworks */ = {isa = PBXBuildFile; productRef = 0F0A74A02C2AE4D0003F35C1 /* FirebaseAppCheck */; };
		0F0A74A32C2AE4D0003F35C1 /* FirebaseAuth in Frameworks */ = {isa = PBXBuildFile; productRef = 0F0A74A22C2AE4D0003F35C1 /* FirebaseAuth */; };
		0F0A74A52C2AE4D0003F35C1 /* FirebaseAuthCombine-Community in Frameworks */ = {isa = PBXBuildFile; productRef = 0F0A74A42C2AE4D0003F35C1 /* FirebaseAuthCombine-Community */; };
		0F0A74A72C2AE669003F35C1 /* SignupService.swift in Sources */ = {isa = PBXBuildFile; fileRef = 0F0A74A62C2AE669003F35C1 /* SignupService.swift */; };
		0F0A74A92C2AE74A003F35C1 /* SignUpScreenView.swift in Sources */ = {isa = PBXBuildFile; fileRef = 0F0A74A82C2AE74A003F35C1 /* SignUpScreenView.swift */; };
		0F0A74AB2C2AE7BB003F35C1 /* PrimaryButtonStyle.swift in Sources */ = {isa = PBXBuildFile; fileRef = 0F0A74AA2C2AE7BB003F35C1 /* PrimaryButtonStyle.swift */; };
		0F75B8F52C2AD705009EC545 /* firebase_auth_iosApp.swift in Sources */ = {isa = PBXBuildFile; fileRef = 0F75B8F42C2AD705009EC545 /* firebase_auth_iosApp.swift */; };
		0F75B8F72C2AD705009EC545 /* ContentView.swift in Sources */ = {isa = PBXBuildFile; fileRef = 0F75B8F62C2AD705009EC545 /* ContentView.swift */; };
		0F75B8F92C2AD707009EC545 /* Assets.xcassets in Resources */ = {isa = PBXBuildFile; fileRef = 0F75B8F82C2AD707009EC545 /* Assets.xcassets */; };
		0F75B8FC2C2AD707009EC545 /* Preview Assets.xcassets in Resources */ = {isa = PBXBuildFile; fileRef = 0F75B8FB2C2AD707009EC545 /* Preview Assets.xcassets */; };
		0F75B9062C2AD708009EC545 /* firebase_auth_iosTests.swift in Sources */ = {isa = PBXBuildFile; fileRef = 0F75B9052C2AD708009EC545 /* firebase_auth_iosTests.swift */; };
		0F75B9102C2AD708009EC545 /* firebase_auth_iosUITests.swift in Sources */ = {isa = PBXBuildFile; fileRef = 0F75B90F2C2AD708009EC545 /* firebase_auth_iosUITests.swift */; };
		0F75B9122C2AD708009EC545 /* firebase_auth_iosUITestsLaunchTests.swift in Sources */ = {isa = PBXBuildFile; fileRef = 0F75B9112C2AD708009EC545 /* firebase_auth_iosUITestsLaunchTests.swift */; };
		0F75B9212C2AD7E4009EC545 /* LoginScreenView.swift in Sources */ = {isa = PBXBuildFile; fileRef = 0F75B9202C2AD7E4009EC545 /* LoginScreenView.swift */; };
		0F75B92E2C2ADBBA009EC545 /* AppDelegate.swift in Sources */ = {isa = PBXBuildFile; fileRef = 0F75B92D2C2ADBBA009EC545 /* AppDelegate.swift */; };
/* End PBXBuildFile section */

/* Begin PBXContainerItemProxy section */
		0F75B9022C2AD708009EC545 /* PBXContainerItemProxy */ = {
			isa = PBXContainerItemProxy;
			containerPortal = 0F75B8E92C2AD705009EC545 /* Project object */;
			proxyType = 1;
			remoteGlobalIDString = 0F75B8F02C2AD705009EC545;
			remoteInfo = "firebase-auth-ios";
		};
		0F75B90C2C2AD708009EC545 /* PBXContainerItemProxy */ = {
			isa = PBXContainerItemProxy;
			containerPortal = 0F75B8E92C2AD705009EC545 /* Project object */;
			proxyType = 1;
			remoteGlobalIDString = 0F75B8F02C2AD705009EC545;
			remoteInfo = "firebase-auth-ios";
		};
/* End PBXContainerItemProxy section */

/* Begin PBXFileReference section */
		0F0A748C2C2AE0F3003F35C1 /* TextFieldWithLabel.swift */ = {isa = PBXFileReference; lastKnownFileType = sourcecode.swift; path = TextFieldWithLabel.swift; sourceTree = "<group>"; };
		0F0A748E2C2AE11D003F35C1 /* SecureTextFieldWithLabel.swift */ = {isa = PBXFileReference; lastKnownFileType = sourcecode.swift; path = SecureTextFieldWithLabel.swift; sourceTree = "<group>"; };
		0F0A74902C2AE13F003F35C1 /* AppColors.swift */ = {isa = PBXFileReference; lastKnownFileType = sourcecode.swift; path = AppColors.swift; sourceTree = "<group>"; };
		0F0A74932C2AE219003F35C1 /* AuthViewModel.swift */ = {isa = PBXFileReference; lastKnownFileType = sourcecode.swift; path = AuthViewModel.swift; sourceTree = "<group>"; };
		0F0A74952C2AE2C8003F35C1 /* LoginService.swift */ = {isa = PBXFileReference; lastKnownFileType = sourcecode.swift; path = LoginService.swift; sourceTree = "<group>"; };
		0F0A74A62C2AE669003F35C1 /* SignupService.swift */ = {isa = PBXFileReference; lastKnownFileType = sourcecode.swift; path = SignupService.swift; sourceTree = "<group>"; };
		0F0A74A82C2AE74A003F35C1 /* SignUpScreenView.swift */ = {isa = PBXFileReference; lastKnownFileType = sourcecode.swift; path = SignUpScreenView.swift; sourceTree = "<group>"; };
		0F0A74AA2C2AE7BB003F35C1 /* PrimaryButtonStyle.swift */ = {isa = PBXFileReference; lastKnownFileType = sourcecode.swift; path = PrimaryButtonStyle.swift; sourceTree = "<group>"; };
		0F75B8F12C2AD705009EC545 /* firebase-auth-ios.app */ = {isa = PBXFileReference; explicitFileType = wrapper.application; includeInIndex = 0; path = "firebase-auth-ios.app"; sourceTree = BUILT_PRODUCTS_DIR; };
		0F75B8F42C2AD705009EC545 /* firebase_auth_iosApp.swift */ = {isa = PBXFileReference; lastKnownFileType = sourcecode.swift; path = firebase_auth_iosApp.swift; sourceTree = "<group>"; };
		0F75B8F62C2AD705009EC545 /* ContentView.swift */ = {isa = PBXFileReference; lastKnownFileType = sourcecode.swift; path = ContentView.swift; sourceTree = "<group>"; };
		0F75B8F82C2AD707009EC545 /* Assets.xcassets */ = {isa = PBXFileReference; lastKnownFileType = folder.assetcatalog; path = Assets.xcassets; sourceTree = "<group>"; };
		0F75B8FB2C2AD707009EC545 /* Preview Assets.xcassets */ = {isa = PBXFileReference; lastKnownFileType = folder.assetcatalog; path = "Preview Assets.xcassets"; sourceTree = "<group>"; };
		0F75B9012C2AD708009EC545 /* firebase-auth-iosTests.xctest */ = {isa = PBXFileReference; explicitFileType = wrapper.cfbundle; includeInIndex = 0; path = "firebase-auth-iosTests.xctest"; sourceTree = BUILT_PRODUCTS_DIR; };
		0F75B9052C2AD708009EC545 /* firebase_auth_iosTests.swift */ = {isa = PBXFileReference; lastKnownFileType = sourcecode.swift; path = firebase_auth_iosTests.swift; sourceTree = "<group>"; };
		0F75B90B2C2AD708009EC545 /* firebase-auth-iosUITests.xctest */ = {isa = PBXFileReference; explicitFileType = wrapper.cfbundle; includeInIndex = 0; path = "firebase-auth-iosUITests.xctest"; sourceTree = BUILT_PRODUCTS_DIR; };
		0F75B90F2C2AD708009EC545 /* firebase_auth_iosUITests.swift */ = {isa = PBXFileReference; lastKnownFileType = sourcecode.swift; path = firebase_auth_iosUITests.swift; sourceTree = "<group>"; };
		0F75B9112C2AD708009EC545 /* firebase_auth_iosUITestsLaunchTests.swift */ = {isa = PBXFileReference; lastKnownFileType = sourcecode.swift; path = firebase_auth_iosUITestsLaunchTests.swift; sourceTree = "<group>"; };
		0F75B9202C2AD7E4009EC545 /* LoginScreenView.swift */ = {isa = PBXFileReference; lastKnownFileType = sourcecode.swift; path = LoginScreenView.swift; sourceTree = "<group>"; };
		0F75B92D2C2ADBBA009EC545 /* AppDelegate.swift */ = {isa = PBXFileReference; lastKnownFileType = sourcecode.swift; path = AppDelegate.swift; sourceTree = "<group>"; };
/* End PBXFileReference section */

/* Begin PBXFrameworksBuildPhase section */
		0F75B8EE2C2AD705009EC545 /* Frameworks */ = {
			isa = PBXFrameworksBuildPhase;
			buildActionMask = 2147483647;
			files = (
				0F0A749D2C2AE4D0003F35C1 /* FirebaseAnalyticsSwift in Frameworks */,
				0F0A74A32C2AE4D0003F35C1 /* FirebaseAuth in Frameworks */,
				0F0A74992C2AE4D0003F35C1 /* FirebaseAnalytics in Frameworks */,
				0F0A749B2C2AE4D0003F35C1 /* FirebaseAnalyticsOnDeviceConversion in Frameworks */,
				0F0A74A12C2AE4D0003F35C1 /* FirebaseAppCheck in Frameworks */,
				0F0A74A52C2AE4D0003F35C1 /* FirebaseAuthCombine-Community in Frameworks */,
				0F0A749F2C2AE4D0003F35C1 /* FirebaseAnalyticsWithoutAdIdSupport in Frameworks */,
			);
			runOnlyForDeploymentPostprocessing = 0;
		};
		0F75B8FE2C2AD708009EC545 /* Frameworks */ = {
			isa = PBXFrameworksBuildPhase;
			buildActionMask = 2147483647;
			files = (
			);
			runOnlyForDeploymentPostprocessing = 0;
		};
		0F75B9082C2AD708009EC545 /* Frameworks */ = {
			isa = PBXFrameworksBuildPhase;
			buildActionMask = 2147483647;
			files = (
			);
			runOnlyForDeploymentPostprocessing = 0;
		};
/* End PBXFrameworksBuildPhase section */

/* Begin PBXGroup section */
		0F0A74922C2AE143003F35C1 /* textfields-views */ = {
			isa = PBXGroup;
			children = (
				0F0A748E2C2AE11D003F35C1 /* SecureTextFieldWithLabel.swift */,
				0F0A748C2C2AE0F3003F35C1 /* TextFieldWithLabel.swift */,
			);
			path = "textfields-views";
			sourceTree = "<group>";
		};
		0F75B8E82C2AD705009EC545 = {
			isa = PBXGroup;
			children = (
				0F75B8F32C2AD705009EC545 /* firebase-auth-ios */,
				0F75B9042C2AD708009EC545 /* firebase-auth-iosTests */,
				0F75B90E2C2AD708009EC545 /* firebase-auth-iosUITests */,
				0F75B8F22C2AD705009EC545 /* Products */,
			);
			sourceTree = "<group>";
		};
		0F75B8F22C2AD705009EC545 /* Products */ = {
			isa = PBXGroup;
			children = (
				0F75B8F12C2AD705009EC545 /* firebase-auth-ios.app */,
				0F75B9012C2AD708009EC545 /* firebase-auth-iosTests.xctest */,
				0F75B90B2C2AD708009EC545 /* firebase-auth-iosUITests.xctest */,
			);
			name = Products;
			sourceTree = "<group>";
		};
		0F75B8F32C2AD705009EC545 /* firebase-auth-ios */ = {
			isa = PBXGroup;
			children = (
				0F0A74922C2AE143003F35C1 /* textfields-views */,
				0F75B91F2C2AD759009EC545 /* signup */,
				0F75B91E2C2AD752009EC545 /* login */,
				0F75B8F42C2AD705009EC545 /* firebase_auth_iosApp.swift */,
				0F75B8F62C2AD705009EC545 /* ContentView.swift */,
				0F75B92D2C2ADBBA009EC545 /* AppDelegate.swift */,
				0F0A74932C2AE219003F35C1 /* AuthViewModel.swift */,
				0F75B8F82C2AD707009EC545 /* Assets.xcassets */,
				0F75B8FA2C2AD707009EC545 /* Preview Content */,
				0F0A74902C2AE13F003F35C1 /* AppColors.swift */,
				0F0A74AA2C2AE7BB003F35C1 /* PrimaryButtonStyle.swift */,
			);
			path = "firebase-auth-ios";
			sourceTree = "<group>";
		};
		0F75B8FA2C2AD707009EC545 /* Preview Content */ = {
			isa = PBXGroup;
			children = (
				0F75B8FB2C2AD707009EC545 /* Preview Assets.xcassets */,
			);
			path = "Preview Content";
			sourceTree = "<group>";
		};
		0F75B9042C2AD708009EC545 /* firebase-auth-iosTests */ = {
			isa = PBXGroup;
			children = (
				0F75B9052C2AD708009EC545 /* firebase_auth_iosTests.swift */,
			);
			path = "firebase-auth-iosTests";
			sourceTree = "<group>";
		};
		0F75B90E2C2AD708009EC545 /* firebase-auth-iosUITests */ = {
			isa = PBXGroup;
			children = (
				0F75B90F2C2AD708009EC545 /* firebase_auth_iosUITests.swift */,
				0F75B9112C2AD708009EC545 /* firebase_auth_iosUITestsLaunchTests.swift */,
			);
			path = "firebase-auth-iosUITests";
			sourceTree = "<group>";
		};
		0F75B91E2C2AD752009EC545 /* login */ = {
			isa = PBXGroup;
			children = (
				0F75B9202C2AD7E4009EC545 /* LoginScreenView.swift */,
				0F0A74952C2AE2C8003F35C1 /* LoginService.swift */,
			);
			path = login;
			sourceTree = "<group>";
		};
		0F75B91F2C2AD759009EC545 /* signup */ = {
			isa = PBXGroup;
			children = (
				0F0A74A62C2AE669003F35C1 /* SignupService.swift */,
				0F0A74A82C2AE74A003F35C1 /* SignUpScreenView.swift */,
			);
			path = signup;
			sourceTree = "<group>";
		};
/* End PBXGroup section */

/* Begin PBXNativeTarget section */
		0F75B8F02C2AD705009EC545 /* firebase-auth-ios */ = {
			isa = PBXNativeTarget;
			buildConfigurationList = 0F75B9152C2AD708009EC545 /* Build configuration list for PBXNativeTarget "firebase-auth-ios" */;
			buildPhases = (
				0F75B8ED2C2AD705009EC545 /* Sources */,
				0F75B8EE2C2AD705009EC545 /* Frameworks */,
				0F75B8EF2C2AD705009EC545 /* Resources */,
			);
			buildRules = (
			);
			dependencies = (
			);
			name = "firebase-auth-ios";
			packageProductDependencies = (
				0F0A74982C2AE4D0003F35C1 /* FirebaseAnalytics */,
				0F0A749A2C2AE4D0003F35C1 /* FirebaseAnalyticsOnDeviceConversion */,
				0F0A749C2C2AE4D0003F35C1 /* FirebaseAnalyticsSwift */,
				0F0A749E2C2AE4D0003F35C1 /* FirebaseAnalyticsWithoutAdIdSupport */,
				0F0A74A02C2AE4D0003F35C1 /* FirebaseAppCheck */,
				0F0A74A22C2AE4D0003F35C1 /* FirebaseAuth */,
				0F0A74A42C2AE4D0003F35C1 /* FirebaseAuthCombine-Community */,
			);
			productName = "firebase-auth-ios";
			productReference = 0F75B8F12C2AD705009EC545 /* firebase-auth-ios.app */;
			productType = "com.apple.product-type.application";
		};
		0F75B9002C2AD708009EC545 /* firebase-auth-iosTests */ = {
			isa = PBXNativeTarget;
			buildConfigurationList = 0F75B9182C2AD708009EC545 /* Build configuration list for PBXNativeTarget "firebase-auth-iosTests" */;
			buildPhases = (
				0F75B8FD2C2AD708009EC545 /* Sources */,
				0F75B8FE2C2AD708009EC545 /* Frameworks */,
				0F75B8FF2C2AD708009EC545 /* Resources */,
			);
			buildRules = (
			);
			dependencies = (
				0F75B9032C2AD708009EC545 /* PBXTargetDependency */,
			);
			name = "firebase-auth-iosTests";
			productName = "firebase-auth-iosTests";
			productReference = 0F75B9012C2AD708009EC545 /* firebase-auth-iosTests.xctest */;
			productType = "com.apple.product-type.bundle.unit-test";
		};
		0F75B90A2C2AD708009EC545 /* firebase-auth-iosUITests */ = {
			isa = PBXNativeTarget;
			buildConfigurationList = 0F75B91B2C2AD708009EC545 /* Build configuration list for PBXNativeTarget "firebase-auth-iosUITests" */;
			buildPhases = (
				0F75B9072C2AD708009EC545 /* Sources */,
				0F75B9082C2AD708009EC545 /* Frameworks */,
				0F75B9092C2AD708009EC545 /* Resources */,
			);
			buildRules = (
			);
			dependencies = (
				0F75B90D2C2AD708009EC545 /* PBXTargetDependency */,
			);
			name = "firebase-auth-iosUITests";
			productName = "firebase-auth-iosUITests";
			productReference = 0F75B90B2C2AD708009EC545 /* firebase-auth-iosUITests.xctest */;
			productType = "com.apple.product-type.bundle.ui-testing";
		};
/* End PBXNativeTarget section */

/* Begin PBXProject section */
		0F75B8E92C2AD705009EC545 /* Project object */ = {
			isa = PBXProject;
			attributes = {
				BuildIndependentTargetsInParallel = 1;
				LastSwiftUpdateCheck = 1530;
				LastUpgradeCheck = 1530;
				TargetAttributes = {
					0F75B8F02C2AD705009EC545 = {
						CreatedOnToolsVersion = 15.3;
					};
					0F75B9002C2AD708009EC545 = {
						CreatedOnToolsVersion = 15.3;
						TestTargetID = 0F75B8F02C2AD705009EC545;
					};
					0F75B90A2C2AD708009EC545 = {
						CreatedOnToolsVersion = 15.3;
						TestTargetID = 0F75B8F02C2AD705009EC545;
					};
				};
			};
			buildConfigurationList = 0F75B8EC2C2AD705009EC545 /* Build configuration list for PBXProject "firebase-auth-ios" */;
			compatibilityVersion = "Xcode 14.0";
			developmentRegion = en;
			hasScannedForEncodings = 0;
			knownRegions = (
				en,
				Base,
			);
			mainGroup = 0F75B8E82C2AD705009EC545;
			packageReferences = (
				0F0A74972C2AE4D0003F35C1 /* XCRemoteSwiftPackageReference "firebase-ios-sdk" */,
			);
			productRefGroup = 0F75B8F22C2AD705009EC545 /* Products */;
			projectDirPath = "";
			projectRoot = "";
			targets = (
				0F75B8F02C2AD705009EC545 /* firebase-auth-ios */,
				0F75B9002C2AD708009EC545 /* firebase-auth-iosTests */,
				0F75B90A2C2AD708009EC545 /* firebase-auth-iosUITests */,
			);
		};
/* End PBXProject section */

/* Begin PBXResourcesBuildPhase section */
		0F75B8EF2C2AD705009EC545 /* Resources */ = {
			isa = PBXResourcesBuildPhase;
			buildActionMask = 2147483647;
			files = (
				0F75B8FC2C2AD707009EC545 /* Preview Assets.xcassets in Resources */,
				0F75B8F92C2AD707009EC545 /* Assets.xcassets in Resources */,
			);
			runOnlyForDeploymentPostprocessing = 0;
		};
		0F75B8FF2C2AD708009EC545 /* Resources */ = {
			isa = PBXResourcesBuildPhase;
			buildActionMask = 2147483647;
			files = (
			);
			runOnlyForDeploymentPostprocessing = 0;
		};
		0F75B9092C2AD708009EC545 /* Resources */ = {
			isa = PBXResourcesBuildPhase;
			buildActionMask = 2147483647;
			files = (
			);
			runOnlyForDeploymentPostprocessing = 0;
		};
/* End PBXResourcesBuildPhase section */

/* Begin PBXSourcesBuildPhase section */
		0F75B8ED2C2AD705009EC545 /* Sources */ = {
			isa = PBXSourcesBuildPhase;
			buildActionMask = 2147483647;
			files = (
				0F0A74AB2C2AE7BB003F35C1 /* PrimaryButtonStyle.swift in Sources */,
				0F75B92E2C2ADBBA009EC545 /* AppDelegate.swift in Sources */,
				0F0A748F2C2AE11D003F35C1 /* SecureTextFieldWithLabel.swift in Sources */,
				0F75B8F72C2AD705009EC545 /* ContentView.swift in Sources */,
				0F0A74A72C2AE669003F35C1 /* SignupService.swift in Sources */,
				0F75B9212C2AD7E4009EC545 /* LoginScreenView.swift in Sources */,
				0F0A74962C2AE2C8003F35C1 /* LoginService.swift in Sources */,
				0F0A74942C2AE219003F35C1 /* AuthViewModel.swift in Sources */,
				0F0A74A92C2AE74A003F35C1 /* SignUpScreenView.swift in Sources */,
				0F0A74912C2AE13F003F35C1 /* AppColors.swift in Sources */,
				0F75B8F52C2AD705009EC545 /* firebase_auth_iosApp.swift in Sources */,
				0F0A748D2C2AE0F3003F35C1 /* TextFieldWithLabel.swift in Sources */,
			);
			runOnlyForDeploymentPostprocessing = 0;
		};
		0F75B8FD2C2AD708009EC545 /* Sources */ = {
			isa = PBXSourcesBuildPhase;
			buildActionMask = 2147483647;
			files = (
				0F75B9062C2AD708009EC545 /* firebase_auth_iosTests.swift in Sources */,
			);
			runOnlyForDeploymentPostprocessing = 0;
		};
		0F75B9072C2AD708009EC545 /* Sources */ = {
			isa = PBXSourcesBuildPhase;
			buildActionMask = 2147483647;
			files = (
				0F75B9102C2AD708009EC545 /* firebase_auth_iosUITests.swift in Sources */,
				0F75B9122C2AD708009EC545 /* firebase_auth_iosUITestsLaunchTests.swift in Sources */,
			);
			runOnlyForDeploymentPostprocessing = 0;
		};
/* End PBXSourcesBuildPhase section */

/* Begin PBXTargetDependency section */
		0F75B9032C2AD708009EC545 /* PBXTargetDependency */ = {
			isa = PBXTargetDependency;
			target = 0F75B8F02C2AD705009EC545 /* firebase-auth-ios */;
			targetProxy = 0F75B9022C2AD708009EC545 /* PBXContainerItemProxy */;
		};
		0F75B90D2C2AD708009EC545 /* PBXTargetDependency */ = {
			isa = PBXTargetDependency;
			target = 0F75B8F02C2AD705009EC545 /* firebase-auth-ios */;
			targetProxy = 0F75B90C2C2AD708009EC545 /* PBXContainerItemProxy */;
		};
/* End PBXTargetDependency section */

/* Begin XCBuildConfiguration section */
		0F75B9132C2AD708009EC545 /* Debug */ = {
			isa = XCBuildConfiguration;
			buildSettings = {
				ALWAYS_SEARCH_USER_PATHS = NO;
				ASSETCATALOG_COMPILER_GENERATE_SWIFT_ASSET_SYMBOL_EXTENSIONS = YES;
				CLANG_ANALYZER_NONNULL = YES;
				CLANG_ANALYZER_NUMBER_OBJECT_CONVERSION = YES_AGGRESSIVE;
				CLANG_CXX_LANGUAGE_STANDARD = "gnu++20";
				CLANG_ENABLE_MODULES = YES;
				CLANG_ENABLE_OBJC_ARC = YES;
				CLANG_ENABLE_OBJC_WEAK = YES;
				CLANG_WARN_BLOCK_CAPTURE_AUTORELEASING = YES;
				CLANG_WARN_BOOL_CONVERSION = YES;
				CLANG_WARN_COMMA = YES;
				CLANG_WARN_CONSTANT_CONVERSION = YES;
				CLANG_WARN_DEPRECATED_OBJC_IMPLEMENTATIONS = YES;
				CLANG_WARN_DIRECT_OBJC_ISA_USAGE = YES_ERROR;
				CLANG_WARN_DOCUMENTATION_COMMENTS = YES;
				CLANG_WARN_EMPTY_BODY = YES;
				CLANG_WARN_ENUM_CONVERSION = YES;
				CLANG_WARN_INFINITE_RECURSION = YES;
				CLANG_WARN_INT_CONVERSION = YES;
				CLANG_WARN_NON_LITERAL_NULL_CONVERSION = YES;
				CLANG_WARN_OBJC_IMPLICIT_RETAIN_SELF = YES;
				CLANG_WARN_OBJC_LITERAL_CONVERSION = YES;
				CLANG_WARN_OBJC_ROOT_CLASS = YES_ERROR;
				CLANG_WARN_QUOTED_INCLUDE_IN_FRAMEWORK_HEADER = YES;
				CLANG_WARN_RANGE_LOOP_ANALYSIS = YES;
				CLANG_WARN_STRICT_PROTOTYPES = YES;
				CLANG_WARN_SUSPICIOUS_MOVE = YES;
				CLANG_WARN_UNGUARDED_AVAILABILITY = YES_AGGRESSIVE;
				CLANG_WARN_UNREACHABLE_CODE = YES;
				CLANG_WARN__DUPLICATE_METHOD_MATCH = YES;
				COPY_PHASE_STRIP = NO;
				DEBUG_INFORMATION_FORMAT = dwarf;
				ENABLE_STRICT_OBJC_MSGSEND = YES;
				ENABLE_TESTABILITY = YES;
				ENABLE_USER_SCRIPT_SANDBOXING = YES;
				GCC_C_LANGUAGE_STANDARD = gnu17;
				GCC_DYNAMIC_NO_PIC = NO;
				GCC_NO_COMMON_BLOCKS = YES;
				GCC_OPTIMIZATION_LEVEL = 0;
				GCC_PREPROCESSOR_DEFINITIONS = (
					"DEBUG=1",
					"$(inherited)",
				);
				GCC_WARN_64_TO_32_BIT_CONVERSION = YES;
				GCC_WARN_ABOUT_RETURN_TYPE = YES_ERROR;
				GCC_WARN_UNDECLARED_SELECTOR = YES;
				GCC_WARN_UNINITIALIZED_AUTOS = YES_AGGRESSIVE;
				GCC_WARN_UNUSED_FUNCTION = YES;
				GCC_WARN_UNUSED_VARIABLE = YES;
				IPHONEOS_DEPLOYMENT_TARGET = 17.4;
				LOCALIZATION_PREFERS_STRING_CATALOGS = YES;
				MTL_ENABLE_DEBUG_INFO = INCLUDE_SOURCE;
				MTL_FAST_MATH = YES;
				ONLY_ACTIVE_ARCH = YES;
				SDKROOT = iphoneos;
				SWIFT_ACTIVE_COMPILATION_CONDITIONS = "DEBUG $(inherited)";
				SWIFT_OPTIMIZATION_LEVEL = "-Onone";
			};
			name = Debug;
		};
		0F75B9142C2AD708009EC545 /* Release */ = {
			isa = XCBuildConfiguration;
			buildSettings = {
				ALWAYS_SEARCH_USER_PATHS = NO;
				ASSETCATALOG_COMPILER_GENERATE_SWIFT_ASSET_SYMBOL_EXTENSIONS = YES;
				CLANG_ANALYZER_NONNULL = YES;
				CLANG_ANALYZER_NUMBER_OBJECT_CONVERSION = YES_AGGRESSIVE;
				CLANG_CXX_LANGUAGE_STANDARD = "gnu++20";
				CLANG_ENABLE_MODULES = YES;
				CLANG_ENABLE_OBJC_ARC = YES;
				CLANG_ENABLE_OBJC_WEAK = YES;
				CLANG_WARN_BLOCK_CAPTURE_AUTORELEASING = YES;
				CLANG_WARN_BOOL_CONVERSION = YES;
				CLANG_WARN_COMMA = YES;
				CLANG_WARN_CONSTANT_CONVERSION = YES;
				CLANG_WARN_DEPRECATED_OBJC_IMPLEMENTATIONS = YES;
				CLANG_WARN_DIRECT_OBJC_ISA_USAGE = YES_ERROR;
				CLANG_WARN_DOCUMENTATION_COMMENTS = YES;
				CLANG_WARN_EMPTY_BODY = YES;
				CLANG_WARN_ENUM_CONVERSION = YES;
				CLANG_WARN_INFINITE_RECURSION = YES;
				CLANG_WARN_INT_CONVERSION = YES;
				CLANG_WARN_NON_LITERAL_NULL_CONVERSION = YES;
				CLANG_WARN_OBJC_IMPLICIT_RETAIN_SELF = YES;
				CLANG_WARN_OBJC_LITERAL_CONVERSION = YES;
				CLANG_WARN_OBJC_ROOT_CLASS = YES_ERROR;
				CLANG_WARN_QUOTED_INCLUDE_IN_FRAMEWORK_HEADER = YES;
				CLANG_WARN_RANGE_LOOP_ANALYSIS = YES;
				CLANG_WARN_STRICT_PROTOTYPES = YES;
				CLANG_WARN_SUSPICIOUS_MOVE = YES;
				CLANG_WARN_UNGUARDED_AVAILABILITY = YES_AGGRESSIVE;
				CLANG_WARN_UNREACHABLE_CODE = YES;
				CLANG_WARN__DUPLICATE_METHOD_MATCH = YES;
				COPY_PHASE_STRIP = NO;
				DEBUG_INFORMATION_FORMAT = "dwarf-with-dsym";
				ENABLE_NS_ASSERTIONS = NO;
				ENABLE_STRICT_OBJC_MSGSEND = YES;
				ENABLE_USER_SCRIPT_SANDBOXING = YES;
				GCC_C_LANGUAGE_STANDARD = gnu17;
				GCC_NO_COMMON_BLOCKS = YES;
				GCC_WARN_64_TO_32_BIT_CONVERSION = YES;
				GCC_WARN_ABOUT_RETURN_TYPE = YES_ERROR;
				GCC_WARN_UNDECLARED_SELECTOR = YES;
				GCC_WARN_UNINITIALIZED_AUTOS = YES_AGGRESSIVE;
				GCC_WARN_UNUSED_FUNCTION = YES;
				GCC_WARN_UNUSED_VARIABLE = YES;
				IPHONEOS_DEPLOYMENT_TARGET = 17.4;
				LOCALIZATION_PREFERS_STRING_CATALOGS = YES;
				MTL_ENABLE_DEBUG_INFO = NO;
				MTL_FAST_MATH = YES;
				SDKROOT = iphoneos;
				SWIFT_COMPILATION_MODE = wholemodule;
				VALIDATE_PRODUCT = YES;
			};
			name = Release;
		};
		0F75B9162C2AD708009EC545 /* Debug */ = {
			isa = XCBuildConfiguration;
			buildSettings = {
				ASSETCATALOG_COMPILER_APPICON_NAME = AppIcon;
				ASSETCATALOG_COMPILER_GLOBAL_ACCENT_COLOR_NAME = AccentColor;
				CODE_SIGN_STYLE = Automatic;
				CURRENT_PROJECT_VERSION = 1;
				DEVELOPMENT_ASSET_PATHS = "\"firebase-auth-ios/Preview Content\"";
				DEVELOPMENT_TEAM = 633R9Y6BSV;
				ENABLE_PREVIEWS = YES;
				GENERATE_INFOPLIST_FILE = YES;
				INFOPLIST_KEY_UIApplicationSceneManifest_Generation = YES;
				INFOPLIST_KEY_UIApplicationSupportsIndirectInputEvents = YES;
				INFOPLIST_KEY_UILaunchScreen_Generation = YES;
				INFOPLIST_KEY_UISupportedInterfaceOrientations_iPad = "UIInterfaceOrientationPortrait UIInterfaceOrientationPortraitUpsideDown UIInterfaceOrientationLandscapeLeft UIInterfaceOrientationLandscapeRight";
				INFOPLIST_KEY_UISupportedInterfaceOrientations_iPhone = "UIInterfaceOrientationPortrait UIInterfaceOrientationLandscapeLeft UIInterfaceOrientationLandscapeRight";
				LD_RUNPATH_SEARCH_PATHS = (
					"$(inherited)",
					"@executable_path/Frameworks",
				);
				MARKETING_VERSION = 1.0;
				OTHER_LDFLAGS = "-ObjC";
				PRODUCT_BUNDLE_IDENTIFIER = "com.waheed.firebase-auth-ios";
				PRODUCT_NAME = "$(TARGET_NAME)";
				SUPPORTED_PLATFORMS = "iphoneos iphonesimulator";
				SUPPORTS_MACCATALYST = NO;
				SUPPORTS_MAC_DESIGNED_FOR_IPHONE_IPAD = NO;
				SUPPORTS_XR_DESIGNED_FOR_IPHONE_IPAD = NO;
				SWIFT_EMIT_LOC_STRINGS = YES;
				SWIFT_VERSION = 5.0;
				TARGETED_DEVICE_FAMILY = "1,2";
			};
			name = Debug;
		};
		0F75B9172C2AD708009EC545 /* Release */ = {
			isa = XCBuildConfiguration;
			buildSettings = {
				ASSETCATALOG_COMPILER_APPICON_NAME = AppIcon;
				ASSETCATALOG_COMPILER_GLOBAL_ACCENT_COLOR_NAME = AccentColor;
				CODE_SIGN_STYLE = Automatic;
				CURRENT_PROJECT_VERSION = 1;
				DEVELOPMENT_ASSET_PATHS = "\"firebase-auth-ios/Preview Content\"";
				DEVELOPMENT_TEAM = 633R9Y6BSV;
				ENABLE_PREVIEWS = YES;
				GENERATE_INFOPLIST_FILE = YES;
				INFOPLIST_KEY_UIApplicationSceneManifest_Generation = YES;
				INFOPLIST_KEY_UIApplicationSupportsIndirectInputEvents = YES;
				INFOPLIST_KEY_UILaunchScreen_Generation = YES;
				INFOPLIST_KEY_UISupportedInterfaceOrientations_iPad = "UIInterfaceOrientationPortrait UIInterfaceOrientationPortraitUpsideDown UIInterfaceOrientationLandscapeLeft UIInterfaceOrientationLandscapeRight";
				INFOPLIST_KEY_UISupportedInterfaceOrientations_iPhone = "UIInterfaceOrientationPortrait UIInterfaceOrientationLandscapeLeft UIInterfaceOrientationLandscapeRight";
				LD_RUNPATH_SEARCH_PATHS = (
					"$(inherited)",
					"@executable_path/Frameworks",
				);
				MARKETING_VERSION = 1.0;
				OTHER_LDFLAGS = "-ObjC";
				PRODUCT_BUNDLE_IDENTIFIER = "com.waheed.firebase-auth-ios";
				PRODUCT_NAME = "$(TARGET_NAME)";
				SUPPORTED_PLATFORMS = "iphoneos iphonesimulator";
				SUPPORTS_MACCATALYST = NO;
				SUPPORTS_MAC_DESIGNED_FOR_IPHONE_IPAD = NO;
				SUPPORTS_XR_DESIGNED_FOR_IPHONE_IPAD = NO;
				SWIFT_EMIT_LOC_STRINGS = YES;
				SWIFT_VERSION = 5.0;
				TARGETED_DEVICE_FAMILY = "1,2";
			};
			name = Release;
		};
		0F75B9192C2AD708009EC545 /* Debug */ = {
			isa = XCBuildConfiguration;
			buildSettings = {
				ALWAYS_EMBED_SWIFT_STANDARD_LIBRARIES = YES;
				BUNDLE_LOADER = "$(TEST_HOST)";
				CODE_SIGN_STYLE = Automatic;
				CURRENT_PROJECT_VERSION = 1;
				DEVELOPMENT_TEAM = 633R9Y6BSV;
				GENERATE_INFOPLIST_FILE = YES;
				IPHONEOS_DEPLOYMENT_TARGET = 17.4;
				MARKETING_VERSION = 1.0;
				PRODUCT_BUNDLE_IDENTIFIER = "com.waheed.firebase-auth-iosTests";
				PRODUCT_NAME = "$(TARGET_NAME)";
				SWIFT_EMIT_LOC_STRINGS = NO;
				SWIFT_VERSION = 5.0;
				TARGETED_DEVICE_FAMILY = "1,2";
				TEST_HOST = "$(BUILT_PRODUCTS_DIR)/firebase-auth-ios.app/$(BUNDLE_EXECUTABLE_FOLDER_PATH)/firebase-auth-ios";
			};
			name = Debug;
		};
		0F75B91A2C2AD708009EC545 /* Release */ = {
			isa = XCBuildConfiguration;
			buildSettings = {
				ALWAYS_EMBED_SWIFT_STANDARD_LIBRARIES = YES;
				BUNDLE_LOADER = "$(TEST_HOST)";
				CODE_SIGN_STYLE = Automatic;
				CURRENT_PROJECT_VERSION = 1;
				DEVELOPMENT_TEAM = 633R9Y6BSV;
				GENERATE_INFOPLIST_FILE = YES;
				IPHONEOS_DEPLOYMENT_TARGET = 17.4;
				MARKETING_VERSION = 1.0;
				PRODUCT_BUNDLE_IDENTIFIER = "com.waheed.firebase-auth-iosTests";
				PRODUCT_NAME = "$(TARGET_NAME)";
				SWIFT_EMIT_LOC_STRINGS = NO;
				SWIFT_VERSION = 5.0;
				TARGETED_DEVICE_FAMILY = "1,2";
				TEST_HOST = "$(BUILT_PRODUCTS_DIR)/firebase-auth-ios.app/$(BUNDLE_EXECUTABLE_FOLDER_PATH)/firebase-auth-ios";
			};
			name = Release;
		};
		0F75B91C2C2AD708009EC545 /* Debug */ = {
			isa = XCBuildConfiguration;
			buildSettings = {
				ALWAYS_EMBED_SWIFT_STANDARD_LIBRARIES = YES;
				CODE_SIGN_STYLE = Automatic;
				CURRENT_PROJECT_VERSION = 1;
				DEVELOPMENT_TEAM = 633R9Y6BSV;
				GENERATE_INFOPLIST_FILE = YES;
				MARKETING_VERSION = 1.0;
				PRODUCT_BUNDLE_IDENTIFIER = "com.waheed.firebase-auth-iosUITests";
				PRODUCT_NAME = "$(TARGET_NAME)";
				SWIFT_EMIT_LOC_STRINGS = NO;
				SWIFT_VERSION = 5.0;
				TARGETED_DEVICE_FAMILY = "1,2";
				TEST_TARGET_NAME = "firebase-auth-ios";
			};
			name = Debug;
		};
		0F75B91D2C2AD708009EC545 /* Release */ = {
			isa = XCBuildConfiguration;
			buildSettings = {
				ALWAYS_EMBED_SWIFT_STANDARD_LIBRARIES = YES;
				CODE_SIGN_STYLE = Automatic;
				CURRENT_PROJECT_VERSION = 1;
				DEVELOPMENT_TEAM = 633R9Y6BSV;
				GENERATE_INFOPLIST_FILE = YES;
				MARKETING_VERSION = 1.0;
				PRODUCT_BUNDLE_IDENTIFIER = "com.waheed.firebase-auth-iosUITests";
				PRODUCT_NAME = "$(TARGET_NAME)";
				SWIFT_EMIT_LOC_STRINGS = NO;
				SWIFT_VERSION = 5.0;
				TARGETED_DEVICE_FAMILY = "1,2";
				TEST_TARGET_NAME = "firebase-auth-ios";
			};
			name = Release;
		};
/* End XCBuildConfiguration section */

/* Begin XCConfigurationList section */
		0F75B8EC2C2AD705009EC545 /* Build configuration list for PBXProject "firebase-auth-ios" */ = {
			isa = XCConfigurationList;
			buildConfigurations = (
				0F75B9132C2AD708009EC545 /* Debug */,
				0F75B9142C2AD708009EC545 /* Release */,
			);
			defaultConfigurationIsVisible = 0;
			defaultConfigurationName = Release;
		};
		0F75B9152C2AD708009EC545 /* Build configuration list for PBXNativeTarget "firebase-auth-ios" */ = {
			isa = XCConfigurationList;
			buildConfigurations = (
				0F75B9162C2AD708009EC545 /* Debug */,
				0F75B9172C2AD708009EC545 /* Release */,
			);
			defaultConfigurationIsVisible = 0;
			defaultConfigurationName = Release;
		};
		0F75B9182C2AD708009EC545 /* Build configuration list for PBXNativeTarget "firebase-auth-iosTests" */ = {
			isa = XCConfigurationList;
			buildConfigurations = (
				0F75B9192C2AD708009EC545 /* Debug */,
				0F75B91A2C2AD708009EC545 /* Release */,
			);
			defaultConfigurationIsVisible = 0;
			defaultConfigurationName = Release;
		};
		0F75B91B2C2AD708009EC545 /* Build configuration list for PBXNativeTarget "firebase-auth-iosUITests" */ = {
			isa = XCConfigurationList;
			buildConfigurations = (
				0F75B91C2C2AD708009EC545 /* Debug */,
				0F75B91D2C2AD708009EC545 /* Release */,
			);
			defaultConfigurationIsVisible = 0;
			defaultConfigurationName = Release;
		};
/* End XCConfigurationList section */

/* Begin XCRemoteSwiftPackageReference section */
		0F0A74972C2AE4D0003F35C1 /* XCRemoteSwiftPackageReference "firebase-ios-sdk" */ = {
			isa = XCRemoteSwiftPackageReference;
			repositoryURL = "https://github.com/firebase/firebase-ios-sdk.git";
			requirement = {
				kind = upToNextMajorVersion;
				minimumVersion = 10.28.1;
			};
		};
/* End XCRemoteSwiftPackageReference section */

/* Begin XCSwiftPackageProductDependency section */
		0F0A74982C2AE4D0003F35C1 /* FirebaseAnalytics */ = {
			isa = XCSwiftPackageProductDependency;
			package = 0F0A74972C2AE4D0003F35C1 /* XCRemoteSwiftPackageReference "firebase-ios-sdk" */;
			productName = FirebaseAnalytics;
		};
		0F0A749A2C2AE4D0003F35C1 /* FirebaseAnalyticsOnDeviceConversion */ = {
			isa = XCSwiftPackageProductDependency;
			package = 0F0A74972C2AE4D0003F35C1 /* XCRemoteSwiftPackageReference "firebase-ios-sdk" */;
			productName = FirebaseAnalyticsOnDeviceConversion;
		};
		0F0A749C2C2AE4D0003F35C1 /* FirebaseAnalyticsSwift */ = {
			isa = XCSwiftPackageProductDependency;
			package = 0F0A74972C2AE4D0003F35C1 /* XCRemoteSwiftPackageReference "firebase-ios-sdk" */;
			productName = FirebaseAnalyticsSwift;
		};
		0F0A749E2C2AE4D0003F35C1 /* FirebaseAnalyticsWithoutAdIdSupport */ = {
			isa = XCSwiftPackageProductDependency;
			package = 0F0A74972C2AE4D0003F35C1 /* XCRemoteSwiftPackageReference "firebase-ios-sdk" */;
			productName = FirebaseAnalyticsWithoutAdIdSupport;
		};
		0F0A74A02C2AE4D0003F35C1 /* FirebaseAppCheck */ = {
			isa = XCSwiftPackageProductDependency;
			package = 0F0A74972C2AE4D0003F35C1 /* XCRemoteSwiftPackageReference "firebase-ios-sdk" */;
			productName = FirebaseAppCheck;
		};
		0F0A74A22C2AE4D0003F35C1 /* FirebaseAuth */ = {
			isa = XCSwiftPackageProductDependency;
			package = 0F0A74972C2AE4D0003F35C1 /* XCRemoteSwiftPackageReference "firebase-ios-sdk" */;
			productName = FirebaseAuth;
		};
		0F0A74A42C2AE4D0003F35C1 /* FirebaseAuthCombine-Community */ = {
			isa = XCSwiftPackageProductDependency;
			package = 0F0A74972C2AE4D0003F35C1 /* XCRemoteSwiftPackageReference "firebase-ios-sdk" */;
			productName = "FirebaseAuthCombine-Community";
		};
/* End XCSwiftPackageProductDependency section */
	};
	rootObject = 0F75B8E92C2AD705009EC545 /* Project object */;
}
